
Microsoft Visual Studio Solution File, Format Version 12.00
# Visual Studio Version 17
VisualStudioVersion = 17.3.32811.315
MinimumVisualStudioVersion = 10.0.40219.1
Project("{2150E333-8FDC-42A3-9474-1A3956D46DE8}") = "Faces", "Faces", "{3811FB30-D58A-43F5-962A-583A22F74672}"
EndProject
Project("{9A19103F-16F7-4668-BE54-9A1E7A4F7556}") = "FaceAPI", "Faces\FaceAPI\FaceAPI.csproj", "{53E96021-7F4B-432D-A105-33A39590E71F}"
EndProject
Project("{9A19103F-16F7-4668-BE54-9A1E7A4F7556}") = "FacesAPITest", "FacesAPITest\FacesAPITest.csproj", "{920C5D5B-FCAB-460D-AA9D-57B4384373BC}"
EndProject
Project("{2150E333-8FDC-42A3-9474-1A3956D46DE8}") = "Faces.Shared.Lib", "Faces.Shared.Lib", "{7E1DCFD8-E834-4E4F-B252-756F30F67EF6}"
EndProject
Project("{9A19103F-16F7-4668-BE54-9A1E7A4F7556}") = "MessagingInterfacesConstants", "SharedLibrary\MessagingInterfacesConstants\MessagingInterfacesConstants.csproj", "{1DEAB567-216C-44AF-BE19-CD0DD898783D}"
EndProject
Project("{2150E333-8FDC-42A3-9474-1A3956D46DE8}") = "Faces.Web", "Faces.Web", "{DCDF9055-D4D1-46F9-AE7A-F900DC72D30C}"
EndProject
Project("{9A19103F-16F7-4668-BE54-9A1E7A4F7556}") = "FacesWeb", "FacesWeb\FacesWeb\FacesWeb.csproj", "{409F00EA-D4B1-4F94-B0EA-151BB0A27F30}"
EndProject
Project("{2150E333-8FDC-42A3-9474-1A3956D46DE8}") = "Ordering", "Ordering", "{8696DAE1-78D5-4F11-ACFF-F8979E21F744}"
EndProject
Project("{9A19103F-16F7-4668-BE54-9A1E7A4F7556}") = "OrderAPI", "OrderingAPI\OrderAPI\OrderAPI.csproj", "{804FF5A7-C652-4169-90BF-83FC8E088D4D}"
EndProject
Project("{2150E333-8FDC-42A3-9474-1A3956D46DE8}") = "CustomerNotification", "CustomerNotification", "{A736682B-A337-4904-B9DF-B3C1EC9F35D5}"
EndProject
Project("{FAE04EC0-301F-11D3-BF4B-00C04F79EFBC}") = "NotificationService", "NotificationService\NotificationService\NotificationService.csproj", "{F0B90A78-2F6F-4614-A360-04CCA15A4B9B}"
EndProject
Project("{FAE04EC0-301F-11D3-BF4B-00C04F79EFBC}") = "EmailService", "NotificationService\EmailService\EmailService.csproj", "{A663853A-E33C-463E-A853-2487CD66B4E3}"
EndProject
Global
	GlobalSection(SolutionConfigurationPlatforms) = preSolution
		Debug|Any CPU = Debug|Any CPU
		Release|Any CPU = Release|Any CPU
	EndGlobalSection
	GlobalSection(ProjectConfigurationPlatforms) = postSolution
		{53E96021-7F4B-432D-A105-33A39590E71F}.Debug|Any CPU.ActiveCfg = Debug|Any CPU
		{53E96021-7F4B-432D-A105-33A39590E71F}.Debug|Any CPU.Build.0 = Debug|Any CPU
		{53E96021-7F4B-432D-A105-33A39590E71F}.Release|Any CPU.ActiveCfg = Release|Any CPU
		{53E96021-7F4B-432D-A105-33A39590E71F}.Release|Any CPU.Build.0 = Release|Any CPU
		{920C5D5B-FCAB-460D-AA9D-57B4384373BC}.Debug|Any CPU.ActiveCfg = Debug|Any CPU
		{920C5D5B-FCAB-460D-AA9D-57B4384373BC}.Debug|Any CPU.Build.0 = Debug|Any CPU
		{920C5D5B-FCAB-460D-AA9D-57B4384373BC}.Release|Any CPU.ActiveCfg = Release|Any CPU
		{920C5D5B-FCAB-460D-AA9D-57B4384373BC}.Release|Any CPU.Build.0 = Release|Any CPU
		{1DEAB567-216C-44AF-BE19-CD0DD898783D}.Debug|Any CPU.ActiveCfg = Debug|Any CPU
		{1DEAB567-216C-44AF-BE19-CD0DD898783D}.Debug|Any CPU.Build.0 = Debug|Any CPU
		{1DEAB567-216C-44AF-BE19-CD0DD898783D}.Release|Any CPU.ActiveCfg = Release|Any CPU
		{1DEAB567-216C-44AF-BE19-CD0DD898783D}.Release|Any CPU.Build.0 = Release|Any CPU
		{409F00EA-D4B1-4F94-B0EA-151BB0A27F30}.Debug|Any CPU.ActiveCfg = Debug|Any CPU
		{409F00EA-D4B1-4F94-B0EA-151BB0A27F30}.Debug|Any CPU.Build.0 = Debug|Any CPU
		{409F00EA-D4B1-4F94-B0EA-151BB0A27F30}.Release|Any CPU.ActiveCfg = Release|Any CPU
		{409F00EA-D4B1-4F94-B0EA-151BB0A27F30}.Release|Any CPU.Build.0 = Release|Any CPU
		{804FF5A7-C652-4169-90BF-83FC8E088D4D}.Debug|Any CPU.ActiveCfg = Debug|Any CPU
		{804FF5A7-C652-4169-90BF-83FC8E088D4D}.Debug|Any CPU.Build.0 = Debug|Any CPU
		{804FF5A7-C652-4169-90BF-83FC8E088D4D}.Release|Any CPU.ActiveCfg = Release|Any CPU
		{804FF5A7-C652-4169-90BF-83FC8E088D4D}.Release|Any CPU.Build.0 = Release|Any CPU
		{F0B90A78-2F6F-4614-A360-04CCA15A4B9B}.Debug|Any CPU.ActiveCfg = Debug|Any CPU
		{F0B90A78-2F6F-4614-A360-04CCA15A4B9B}.Debug|Any CPU.Build.0 = Debug|Any CPU
		{F0B90A78-2F6F-4614-A360-04CCA15A4B9B}.Release|Any CPU.ActiveCfg = Release|Any CPU
		{F0B90A78-2F6F-4614-A360-04CCA15A4B9B}.Release|Any CPU.Build.0 = Release|Any CPU
		{A663853A-E33C-463E-A853-2487CD66B4E3}.Debug|Any CPU.ActiveCfg = Debug|Any CPU
		{A663853A-E33C-463E-A853-2487CD66B4E3}.Debug|Any CPU.Build.0 = Debug|Any CPU
		{A663853A-E33C-463E-A853-2487CD66B4E3}.Release|Any CPU.ActiveCfg = Release|Any CPU
		{A663853A-E33C-463E-A853-2487CD66B4E3}.Release|Any CPU.Build.0 = Release|Any CPU
	EndGlobalSection
	GlobalSection(SolutionProperties) = preSolution
		HideSolutionNode = FALSE
	EndGlobalSection
	GlobalSection(NestedProjects) = preSolution
		{53E96021-7F4B-432D-A105-33A39590E71F} = {3811FB30-D58A-43F5-962A-583A22F74672}
		{920C5D5B-FCAB-460D-AA9D-57B4384373BC} = {3811FB30-D58A-43F5-962A-583A22F74672}
		{1DEAB567-216C-44AF-BE19-CD0DD898783D} = {7E1DCFD8-E834-4E4F-B252-756F30F67EF6}
		{409F00EA-D4B1-4F94-B0EA-151BB0A27F30} = {DCDF9055-D4D1-46F9-AE7A-F900DC72D30C}
		{804FF5A7-C652-4169-90BF-83FC8E088D4D} = {8696DAE1-78D5-4F11-ACFF-F8979E21F744}
		{F0B90A78-2F6F-4614-A360-04CCA15A4B9B} = {A736682B-A337-4904-B9DF-B3C1EC9F35D5}
		{A663853A-E33C-463E-A853-2487CD66B4E3} = {A736682B-A337-4904-B9DF-B3C1EC9F35D5}
	EndGlobalSection
	GlobalSection(ExtensibilityGlobals) = postSolution
		SolutionGuid = {E512AA3A-CCBF-44E8-93AD-C0D8145E0288}
	EndGlobalSection
EndGlobal
